
Microsoft Visual Studio Solution File, Format Version 12.00
# Visual Studio 15
VisualStudioVersion = 15.0.28307.489
MinimumVisualStudioVersion = 10.0.40219.1
Project("{9A19103F-16F7-4668-BE54-9A1E7A4F7556}") = "ACS.WebApi", "ACS.WebApi\ACS.WebApi.csproj", "{AAF1C3E2-4EE8-4C4C-84D8-34B17B9BF82A}"
EndProject
Project("{9A19103F-16F7-4668-BE54-9A1E7A4F7556}") = "ACS.WebApi.Dominio", "ACS.WebApi.Dominio\ACS.WebApi.Dominio.csproj", "{A9338F1B-DA56-4F07-8DAE-0E7DC3F7FC4D}"
EndProject
Project("{9A19103F-16F7-4668-BE54-9A1E7A4F7556}") = "ACS.WebApi.BaseDados", "ACS.WebApi.BaseDados\ACS.WebApi.BaseDados.csproj", "{9D5DFA1A-B452-42CA-8028-9424DAF223F3}"
EndProject
Project("{9A19103F-16F7-4668-BE54-9A1E7A4F7556}") = "ACS.WebApi.Negocio", "ACS.WebApi.Negocio\ACS.WebApi.Negocio.csproj", "{256C57D7-1FF2-4DAB-8704-31C39CE4A439}"
EndProject
Project("{FAE04EC0-301F-11D3-BF4B-00C04F79EFBC}") = "ACS.WebApi.Util", "ACS.WebApi.Util\ACS.WebApi.Util.csproj", "{1BDA0AF8-38F6-4DA6-B18F-628D1F7AA89B}"
EndProject
Project("{FAE04EC0-301F-11D3-BF4B-00C04F79EFBC}") = "ACS.WebApi.Excecoes", "ACS.WebApi.Excecoes\ACS.WebApi.Excecoes.csproj", "{92F1FBCA-84D8-41DF-AC62-58B291534A15}"
EndProject
Global
	GlobalSection(SolutionConfigurationPlatforms) = preSolution
		Debug|Any CPU = Debug|Any CPU
		Release|Any CPU = Release|Any CPU
	EndGlobalSection
	GlobalSection(ProjectConfigurationPlatforms) = postSolution
		{AAF1C3E2-4EE8-4C4C-84D8-34B17B9BF82A}.Debug|Any CPU.ActiveCfg = Debug|Any CPU
		{AAF1C3E2-4EE8-4C4C-84D8-34B17B9BF82A}.Debug|Any CPU.Build.0 = Debug|Any CPU
		{AAF1C3E2-4EE8-4C4C-84D8-34B17B9BF82A}.Release|Any CPU.ActiveCfg = Release|Any CPU
		{AAF1C3E2-4EE8-4C4C-84D8-34B17B9BF82A}.Release|Any CPU.Build.0 = Release|Any CPU
		{A9338F1B-DA56-4F07-8DAE-0E7DC3F7FC4D}.Debug|Any CPU.ActiveCfg = Debug|Any CPU
		{A9338F1B-DA56-4F07-8DAE-0E7DC3F7FC4D}.Debug|Any CPU.Build.0 = Debug|Any CPU
		{A9338F1B-DA56-4F07-8DAE-0E7DC3F7FC4D}.Release|Any CPU.ActiveCfg = Release|Any CPU
		{A9338F1B-DA56-4F07-8DAE-0E7DC3F7FC4D}.Release|Any CPU.Build.0 = Release|Any CPU
		{9D5DFA1A-B452-42CA-8028-9424DAF223F3}.Debug|Any CPU.ActiveCfg = Debug|Any CPU
		{9D5DFA1A-B452-42CA-8028-9424DAF223F3}.Debug|Any CPU.Build.0 = Debug|Any CPU
		{9D5DFA1A-B452-42CA-8028-9424DAF223F3}.Release|Any CPU.ActiveCfg = Release|Any CPU
		{9D5DFA1A-B452-42CA-8028-9424DAF223F3}.Release|Any CPU.Build.0 = Release|Any CPU
		{256C57D7-1FF2-4DAB-8704-31C39CE4A439}.Debug|Any CPU.ActiveCfg = Debug|Any CPU
		{256C57D7-1FF2-4DAB-8704-31C39CE4A439}.Debug|Any CPU.Build.0 = Debug|Any CPU
		{256C57D7-1FF2-4DAB-8704-31C39CE4A439}.Release|Any CPU.ActiveCfg = Release|Any CPU
		{256C57D7-1FF2-4DAB-8704-31C39CE4A439}.Release|Any CPU.Build.0 = Release|Any CPU
		{1BDA0AF8-38F6-4DA6-B18F-628D1F7AA89B}.Debug|Any CPU.ActiveCfg = Debug|Any CPU
		{1BDA0AF8-38F6-4DA6-B18F-628D1F7AA89B}.Debug|Any CPU.Build.0 = Debug|Any CPU
		{1BDA0AF8-38F6-4DA6-B18F-628D1F7AA89B}.Release|Any CPU.ActiveCfg = Release|Any CPU
		{1BDA0AF8-38F6-4DA6-B18F-628D1F7AA89B}.Release|Any CPU.Build.0 = Release|Any CPU
		{92F1FBCA-84D8-41DF-AC62-58B291534A15}.Debug|Any CPU.ActiveCfg = Debug|Any CPU
		{92F1FBCA-84D8-41DF-AC62-58B291534A15}.Debug|Any CPU.Build.0 = Debug|Any CPU
		{92F1FBCA-84D8-41DF-AC62-58B291534A15}.Release|Any CPU.ActiveCfg = Release|Any CPU
		{92F1FBCA-84D8-41DF-AC62-58B291534A15}.Release|Any CPU.Build.0 = Release|Any CPU
	EndGlobalSection
	GlobalSection(SolutionProperties) = preSolution
		HideSolutionNode = FALSE
	EndGlobalSection
	GlobalSection(ExtensibilityGlobals) = postSolution
		SolutionGuid = {32B8A962-5089-450F-BCD0-FB4C6B021219}
	EndGlobalSection
EndGlobal
